
Microsoft Visual Studio Solution File, Format Version 12.00
# Visual Studio Version 17
VisualStudioVersion = 17.2.32630.192
MinimumVisualStudioVersion = 10.0.40219.1
Project("{FAE04EC0-301F-11D3-BF4B-00C04F79EFBC}") = "Inspira_Libertad", "Inspira_Libertad\Inspira_Libertad.csproj", "{9804D57F-0049-4B11-86CF-0859491950A5}"
EndProject
Global
	GlobalSection(SolutionConfigurationPlatforms) = preSolution
		Debug|Any CPU = Debug|Any CPU
		Release|Any CPU = Release|Any CPU
	EndGlobalSection
	GlobalSection(ProjectConfigurationPlatforms) = postSolution
		{9804D57F-0049-4B11-86CF-0859491950A5}.Debug|Any CPU.ActiveCfg = Debug|Any CPU
		{9804D57F-0049-4B11-86CF-0859491950A5}.Debug|Any CPU.Build.0 = Debug|Any CPU
		{9804D57F-0049-4B11-86CF-0859491950A5}.Release|Any CPU.ActiveCfg = Release|Any CPU
		{9804D57F-0049-4B11-86CF-0859491950A5}.Release|Any CPU.Build.0 = Release|Any CPU
	EndGlobalSection
	GlobalSection(SolutionProperties) = preSolution
		HideSolutionNode = FALSE
	EndGlobalSection
	GlobalSection(ExtensibilityGlobals) = postSolution
		SolutionGuid = {8CBF0922-79C4-4232-A8BD-21A2DADE5EAF}
	EndGlobalSection
EndGlobal
